
Microsoft Visual Studio Solution File, Format Version 12.00
# Visual Studio Version 16
VisualStudioVersion = 16.0.29230.47
MinimumVisualStudioVersion = 10.0.40219.1
Project("{9A19103F-16F7-4668-BE54-9A1E7A4F7556}") = "WebhookManager.Api", "src\WebhookManager.Api\WebhookManager.Api.csproj", "{8E49BE00-7E18-4017-A41F-48E0F86FB986}"
EndProject
Project("{9A19103F-16F7-4668-BE54-9A1E7A4F7556}") = "WebhookDispatcher.Lambda", "src\WebhookDispatcher\WebhookDispatcher.Lambda.csproj", "{53E10D62-45A6-402B-95FD-2AE542A2E119}"
EndProject
Global
	GlobalSection(SolutionConfigurationPlatforms) = preSolution
		Debug|Any CPU = Debug|Any CPU
		Release|Any CPU = Release|Any CPU
	EndGlobalSection
	GlobalSection(ProjectConfigurationPlatforms) = postSolution
		{8E49BE00-7E18-4017-A41F-48E0F86FB986}.Debug|Any CPU.ActiveCfg = Debug|Any CPU
		{8E49BE00-7E18-4017-A41F-48E0F86FB986}.Debug|Any CPU.Build.0 = Debug|Any CPU
		{8E49BE00-7E18-4017-A41F-48E0F86FB986}.Release|Any CPU.ActiveCfg = Release|Any CPU
		{8E49BE00-7E18-4017-A41F-48E0F86FB986}.Release|Any CPU.Build.0 = Release|Any CPU
		{53E10D62-45A6-402B-95FD-2AE542A2E119}.Debug|Any CPU.ActiveCfg = Debug|Any CPU
		{53E10D62-45A6-402B-95FD-2AE542A2E119}.Debug|Any CPU.Build.0 = Debug|Any CPU
		{53E10D62-45A6-402B-95FD-2AE542A2E119}.Release|Any CPU.ActiveCfg = Release|Any CPU
		{53E10D62-45A6-402B-95FD-2AE542A2E119}.Release|Any CPU.Build.0 = Release|Any CPU
	EndGlobalSection
	GlobalSection(SolutionProperties) = preSolution
		HideSolutionNode = FALSE
	EndGlobalSection
	GlobalSection(ExtensibilityGlobals) = postSolution
		SolutionGuid = {ACFEF4D3-6BDF-48DB-8673-871D3C735EEF}
	EndGlobalSection
EndGlobal
